
Microsoft Visual Studio Solution File, Format Version 12.00
# Visual Studio Version 16
VisualStudioVersion = 16.0.30104.148
MinimumVisualStudioVersion = 10.0.40219.1
Project("{8BC9CEB8-8B4A-11D0-8D11-00A0C91BC942}") = "const modifier", "const modifier\const modifier.vcxproj", "{1B503B1D-EE31-4BB5-8D47-0D1A4E5D5FC4}"
EndProject
Global
	GlobalSection(SolutionConfigurationPlatforms) = preSolution
		Debug|x64 = Debug|x64
		Debug|x86 = Debug|x86
		Release|x64 = Release|x64
		Release|x86 = Release|x86
	EndGlobalSection
	GlobalSection(ProjectConfigurationPlatforms) = postSolution
		{1B503B1D-EE31-4BB5-8D47-0D1A4E5D5FC4}.Debug|x64.ActiveCfg = Debug|x64
		{1B503B1D-EE31-4BB5-8D47-0D1A4E5D5FC4}.Debug|x64.Build.0 = Debug|x64
		{1B503B1D-EE31-4BB5-8D47-0D1A4E5D5FC4}.Debug|x86.ActiveCfg = Debug|Win32
		{1B503B1D-EE31-4BB5-8D47-0D1A4E5D5FC4}.Debug|x86.Build.0 = Debug|Win32
		{1B503B1D-EE31-4BB5-8D47-0D1A4E5D5FC4}.Release|x64.ActiveCfg = Release|x64
		{1B503B1D-EE31-4BB5-8D47-0D1A4E5D5FC4}.Release|x64.Build.0 = Release|x64
		{1B503B1D-EE31-4BB5-8D47-0D1A4E5D5FC4}.Release|x86.ActiveCfg = Release|Win32
		{1B503B1D-EE31-4BB5-8D47-0D1A4E5D5FC4}.Release|x86.Build.0 = Release|Win32
	EndGlobalSection
	GlobalSection(SolutionProperties) = preSolution
		HideSolutionNode = FALSE
	EndGlobalSection
	GlobalSection(ExtensibilityGlobals) = postSolution
		SolutionGuid = {72C90D6A-1DC1-4408-8DDC-96002E865751}
	EndGlobalSection
EndGlobal
